
Microsoft Visual Studio Solution File, Format Version 12.00
# Visual Studio Version 17
VisualStudioVersion = 17.9.34622.214
MinimumVisualStudioVersion = 10.0.40219.1
Project("{FAE04EC0-301F-11D3-BF4B-00C04F79EFBC}") = "LabWork1", "LabWork1.csproj", "{EE03AF8B-D5B8-49F6-B808-53410EBD1C29}"
EndProject
Global
	GlobalSection(SolutionConfigurationPlatforms) = preSolution
		Debug|Any CPU = Debug|Any CPU
		Release|Any CPU = Release|Any CPU
	EndGlobalSection
	GlobalSection(ProjectConfigurationPlatforms) = postSolution
		{EE03AF8B-D5B8-49F6-B808-53410EBD1C29}.Debug|Any CPU.ActiveCfg = Debug|Any CPU
		{EE03AF8B-D5B8-49F6-B808-53410EBD1C29}.Debug|Any CPU.Build.0 = Debug|Any CPU
		{EE03AF8B-D5B8-49F6-B808-53410EBD1C29}.Release|Any CPU.ActiveCfg = Release|Any CPU
		{EE03AF8B-D5B8-49F6-B808-53410EBD1C29}.Release|Any CPU.Build.0 = Release|Any CPU
	EndGlobalSection
	GlobalSection(SolutionProperties) = preSolution
		HideSolutionNode = FALSE
	EndGlobalSection
	GlobalSection(ExtensibilityGlobals) = postSolution
		SolutionGuid = {B519F1D4-F125-48B1-8550-11679A281957}
	EndGlobalSection
EndGlobal
